
Microsoft Visual Studio Solution File, Format Version 12.00
# Visual Studio Version 17
VisualStudioVersion = 17.0.31903.59
MinimumVisualStudioVersion = 10.0.40219.1
Project("{FAE04EC0-301F-11D3-BF4B-00C04F79EFBC}") = "ServicePoint", "ServicePoint\ServicePoint.csproj", "{53576D3C-E32E-49BF-BF10-2DB504E50CE1}"
EndProject
Project("{FAE04EC0-301F-11D3-BF4B-00C04F79EFBC}") = "ServicePoint.Example", "ServicePoint.Example\ServicePoint.Example.csproj", "{FEF24227-090E-46C2-B8F6-ACB5AA1A4309}"
EndProject
Project("{FAE04EC0-301F-11D3-BF4B-00C04F79EFBC}") = "ServicePoint.Tests", "ServicePoint.Tests\ServicePoint.Tests.csproj", "{9DC15508-A980-4135-9FC6-659FF54B4E5C}"
EndProject
Global
	GlobalSection(SolutionConfigurationPlatforms) = preSolution
		Debug|Any CPU = Debug|Any CPU
		Release|Any CPU = Release|Any CPU
	EndGlobalSection
	GlobalSection(SolutionProperties) = preSolution
		HideSolutionNode = FALSE
	EndGlobalSection
	GlobalSection(ProjectConfigurationPlatforms) = postSolution
		{53576D3C-E32E-49BF-BF10-2DB504E50CE1}.Debug|Any CPU.ActiveCfg = Debug|Any CPU
		{53576D3C-E32E-49BF-BF10-2DB504E50CE1}.Debug|Any CPU.Build.0 = Debug|Any CPU
		{53576D3C-E32E-49BF-BF10-2DB504E50CE1}.Release|Any CPU.ActiveCfg = Release|Any CPU
		{53576D3C-E32E-49BF-BF10-2DB504E50CE1}.Release|Any CPU.Build.0 = Release|Any CPU
		{FEF24227-090E-46C2-B8F6-ACB5AA1A4309}.Debug|Any CPU.ActiveCfg = Debug|Any CPU
		{FEF24227-090E-46C2-B8F6-ACB5AA1A4309}.Debug|Any CPU.Build.0 = Debug|Any CPU
		{FEF24227-090E-46C2-B8F6-ACB5AA1A4309}.Release|Any CPU.ActiveCfg = Release|Any CPU
		{FEF24227-090E-46C2-B8F6-ACB5AA1A4309}.Release|Any CPU.Build.0 = Release|Any CPU
		{9DC15508-A980-4135-9FC6-659FF54B4E5C}.Debug|Any CPU.ActiveCfg = Debug|Any CPU
		{9DC15508-A980-4135-9FC6-659FF54B4E5C}.Debug|Any CPU.Build.0 = Debug|Any CPU
		{9DC15508-A980-4135-9FC6-659FF54B4E5C}.Release|Any CPU.ActiveCfg = Release|Any CPU
		{9DC15508-A980-4135-9FC6-659FF54B4E5C}.Release|Any CPU.Build.0 = Release|Any CPU
	EndGlobalSection
EndGlobal
